{
  "version": 4,
  "terraform_version": "1.14.0",
  "serial": 9,
  "lineage": "05b52a91-e70d-8193-5e7c-0d6e23988e8b",
  "outputs": {},
  "resources": [
    {
      "module": "module.bedrock_kb",
      "mode": "data",
      "type": "aws_caller_identity",
      "name": "current",
      "provider": "provider[\"registry.terraform.io/hashicorp/aws\"]",
      "instances": [
        {
          "schema_version": 0,
          "attributes": {
            "account_id": "479384505455",
            "arn": "arn:aws:sts::479384505455:assumed-role/voclabs/user4497560=ba56c9c3-f1b2-453f-9c47-0369c9acfc62",
            "id": "479384505455",
            "user_id": "AROAW7HMLBRX2GQ24PUSU:user4497560=ba56c9c3-f1b2-453f-9c47-0369c9acfc62"
          },
          "sensitive_attributes": [],
          "identity_schema_version": 0
        }
      ]
    },
    {
      "module": "module.bedrock_kb",
      "mode": "managed",
      "type": "aws_iam_policy",
      "name": "bedrock_kb_rds_access",
      "provider": "provider[\"registry.terraform.io/hashicorp/aws\"]",
      "instances": [
        {
          "schema_version": 0,
          "attributes": {
            "arn": "arn:aws:iam::479384505455:policy/bedrock_kb_rds_access",
            "attachment_count": 0,
            "description": "IAM policy for Bedrock Knowledge Base to access RDS",
            "id": "arn:aws:iam::479384505455:policy/bedrock_kb_rds_access",
            "name": "bedrock_kb_rds_access",
            "name_prefix": "",
            "path": "/",
            "policy": "{\"Statement\":[{\"Action\":[\"rds:DescribeDBClusters\",\"rds:DescribeDBInstances\",\"rds:DescribeDBSubnetGroups\",\"rds:ListTagsForResource\",\"s3:ListBucket\",\"s3:GetObject\"],\"Effect\":\"Allow\",\"Resource\":\"*\"},{\"Action\":[\"secretsmanager:GetSecretValue\",\"secretsmanager:DescribeSecret\"],\"Effect\":\"Allow\",\"Resource\":\"arn:aws:secretsmanager:us-west-2:479384505455:secret:my-aurora-serverless-PZrsSq\"}],\"Version\":\"2012-10-17\"}",
            "policy_id": "ANPAW7HMLBRXRYZPL2XSQ",
            "tags": null,
            "tags_all": {}
          },
          "sensitive_attributes": [],
          "identity_schema_version": 0,
          "identity": {
            "arn": "arn:aws:iam::479384505455:policy/bedrock_kb_rds_access"
          },
          "private": "bnVsbA=="
        }
      ]
    },
    {
      "module": "module.bedrock_kb",
      "mode": "managed",
      "type": "aws_iam_policy",
      "name": "rds_data_api_policy",
      "provider": "provider[\"registry.terraform.io/hashicorp/aws\"]",
      "instances": [
        {
          "schema_version": 0,
          "attributes": {
            "arn": "arn:aws:iam::479384505455:policy/my-bedrock-kb-rds-data-api-policy",
            "attachment_count": 0,
            "description": "IAM policy for RDS Data API access",
            "id": "arn:aws:iam::479384505455:policy/my-bedrock-kb-rds-data-api-policy",
            "name": "my-bedrock-kb-rds-data-api-policy",
            "name_prefix": "",
            "path": "/",
            "policy": "{\"Statement\":[{\"Action\":[\"rds-data:ExecuteStatement\",\"rds-data:BatchExecuteStatement\",\"rds-data:BeginTransaction\",\"rds-data:CommitTransaction\",\"rds-data:RollbackTransaction\"],\"Effect\":\"Allow\",\"Resource\":\"arn:aws:rds:us-west-2:479384505455:cluster:my-aurora-serverless\"},{\"Action\":[\"secretsmanager:GetSecretValue\"],\"Effect\":\"Allow\",\"Resource\":\"arn:aws:secretsmanager:us-west-2:479384505455:secret:my-aurora-serverless-PZrsSq\"}],\"Version\":\"2012-10-17\"}",
            "policy_id": "ANPAW7HMLBRXWIFGXB5X7",
            "tags": null,
            "tags_all": {}
          },
          "sensitive_attributes": [],
          "identity_schema_version": 0,
          "identity": {
            "arn": "arn:aws:iam::479384505455:policy/my-bedrock-kb-rds-data-api-policy"
          },
          "private": "bnVsbA=="
        }
      ]
    },
    {
      "module": "module.bedrock_kb",
      "mode": "managed",
      "type": "aws_iam_role",
      "name": "bedrock_kb_role",
      "provider": "provider[\"registry.terraform.io/hashicorp/aws\"]",
      "instances": [
        {
          "schema_version": 0,
          "attributes": {
            "arn": "arn:aws:iam::479384505455:role/my-bedrock-kb-role",
            "assume_role_policy": "{\"Statement\":[{\"Action\":\"sts:AssumeRole\",\"Effect\":\"Allow\",\"Principal\":{\"Service\":\"bedrock.amazonaws.com\"}}],\"Version\":\"2012-10-17\"}",
            "create_date": "2025-12-08T06:30:18Z",
            "description": "",
            "force_detach_policies": false,
            "id": "my-bedrock-kb-role",
            "inline_policy": [],
            "managed_policy_arns": [],
            "max_session_duration": 3600,
            "name": "my-bedrock-kb-role",
            "name_prefix": "",
            "path": "/",
            "permissions_boundary": "",
            "tags": null,
            "tags_all": {},
            "unique_id": "AROAW7HMLBRX7KZUX5NWG"
          },
          "sensitive_attributes": [],
          "identity_schema_version": 0,
          "identity": {
            "account_id": "479384505455",
            "name": "my-bedrock-kb-role"
          },
          "private": "bnVsbA=="
        }
      ]
    },
    {
      "module": "module.bedrock_kb",
      "mode": "managed",
      "type": "aws_iam_role_policy_attachment",
      "name": "bedrock_kb_policy",
      "provider": "provider[\"registry.terraform.io/hashicorp/aws\"]",
      "instances": [
        {
          "schema_version": 0,
          "attributes": {
            "id": "my-bedrock-kb-role/arn:aws:iam::aws:policy/AmazonBedrockFullAccess",
            "policy_arn": "arn:aws:iam::aws:policy/AmazonBedrockFullAccess",
            "role": "my-bedrock-kb-role"
          },
          "sensitive_attributes": [],
          "identity_schema_version": 0,
          "identity": {
            "account_id": "479384505455",
            "policy_arn": "arn:aws:iam::aws:policy/AmazonBedrockFullAccess",
            "role": "my-bedrock-kb-role"
          },
          "private": "bnVsbA==",
          "dependencies": [
            "module.bedrock_kb.aws_iam_role.bedrock_kb_role"
          ]
        }
      ]
    },
    {
      "module": "module.bedrock_kb",
      "mode": "managed",
      "type": "aws_iam_role_policy_attachment",
      "name": "rds_data_api_policy_attachment",
      "provider": "provider[\"registry.terraform.io/hashicorp/aws\"]",
      "instances": [
        {
          "schema_version": 0,
          "attributes": {
            "id": "my-bedrock-kb-role/arn:aws:iam::479384505455:policy/my-bedrock-kb-rds-data-api-policy",
            "policy_arn": "arn:aws:iam::479384505455:policy/my-bedrock-kb-rds-data-api-policy",
            "role": "my-bedrock-kb-role"
          },
          "sensitive_attributes": [],
          "identity_schema_version": 0,
          "identity": {
            "account_id": "479384505455",
            "policy_arn": "arn:aws:iam::479384505455:policy/my-bedrock-kb-rds-data-api-policy",
            "role": "my-bedrock-kb-role"
          },
          "private": "bnVsbA==",
          "dependencies": [
            "module.bedrock_kb.aws_iam_policy.rds_data_api_policy",
            "module.bedrock_kb.aws_iam_role.bedrock_kb_role"
          ]
        }
      ]
    },
    {
      "module": "module.bedrock_kb",
      "mode": "managed",
      "type": "aws_iam_role_policy_attachment",
      "name": "rds_policy_attachment",
      "provider": "provider[\"registry.terraform.io/hashicorp/aws\"]",
      "instances": [
        {
          "schema_version": 0,
          "attributes": {
            "id": "my-bedrock-kb-role/arn:aws:iam::479384505455:policy/bedrock_kb_rds_access",
            "policy_arn": "arn:aws:iam::479384505455:policy/bedrock_kb_rds_access",
            "role": "my-bedrock-kb-role"
          },
          "sensitive_attributes": [],
          "identity_schema_version": 0,
          "identity": {
            "account_id": "479384505455",
            "policy_arn": "arn:aws:iam::479384505455:policy/bedrock_kb_rds_access",
            "role": "my-bedrock-kb-role"
          },
          "private": "bnVsbA==",
          "dependencies": [
            "module.bedrock_kb.aws_iam_policy.bedrock_kb_rds_access",
            "module.bedrock_kb.aws_iam_role.bedrock_kb_role"
          ]
        }
      ]
    },
    {
      "module": "module.bedrock_kb",
      "mode": "managed",
      "type": "time_sleep",
      "name": "wait_10_seconds",
      "provider": "provider[\"registry.terraform.io/hashicorp/time\"]",
      "instances": [
        {
          "schema_version": 0,
          "attributes": {
            "create_duration": "10s",
            "destroy_duration": null,
            "id": "2025-12-08T06:30:28Z",
            "triggers": null
          },
          "sensitive_attributes": [],
          "identity_schema_version": 0,
          "dependencies": [
            "module.bedrock_kb.aws_iam_role.bedrock_kb_role",
            "module.bedrock_kb.aws_iam_role_policy_attachment.bedrock_kb_policy"
          ]
        }
      ]
    }
  ],
  "check_results": null
}
